# This file is part of LACI.
#
# LACI is free software: you can redistribute it and/or modify it under the terms of the GNU Affero General Public License
# as published by the Free Software Foundation, either version 3 of the License, or (at your option) any later version.
#
# LACI is distributed in the hope that it will be useful, but WITHOUT ANY WARRANTY; without even the implied warranty
# of MERCHANTABILITY or FITNESS FOR A PARTICULAR PURPOSE. See the GNU Affero General Public License for more details.
#
# You should have received a copy of the GNU Affero General Public License along with LACI.
# If not, see <https://www.gnu.org/licenses/>.
#
# Copyright 2023-2026, Lone Star Legal Aid
#

langcode: en
status: true
dependencies:
  config:
    - filter.format.basic_html
  theme:
    - lacitheme
id: add_document_block
title: 'Add Document Block'
content:
  value: '<h2>Add Document</h2><p>Add an offsite document that should be monitored for changes in its underlying authorities.</p><p><a href="/node/add/resource">Add New Document</a></p>'
  format: basic_html
